{
  "originHash" : "9f3b0ec5228e63483e7f1070bc56624c7907d116228cfed4d80198ca14611baa",
  "pins" : [
    {
      "identity" : "haishinkit.swift",
      "kind" : "remoteSourceControl",
      "location" : "https://github.com/shogo4405/HaishinKit.swift.git",
      "state" : {
        "revision" : "58a80527cf2330506621ba62d20b482f91b422b4",
        "version" : "1.9.9"
      }
    },
    {
      "identity" : "logboard",
      "kind" : "remoteSourceControl",
      "location" : "https://github.com/shogo4405/Logboard.git",
      "state" : {
        "revision" : "272976e1f3e8873e60ffe4b08fe50df48a93751b",
        "version" : "2.5.0"
      }
    }
  ],
  "version" : 3
}
